
Microsoft Visual Studio Solution File, Format Version 12.00
# Visual Studio Version 16
VisualStudioVersion = 16.0.32802.440
MinimumVisualStudioVersion = 10.0.40219.1
Project("{FAE04EC0-301F-11D3-BF4B-00C04F79EFBC}") = "DesenvolvimentoGuiadoTeste", "DesenvolvimentoGuiadoTeste\DesenvolvimentoGuiadoTeste.csproj", "{07C425CB-9987-4CFC-9225-9484B8931D79}"
EndProject
Global
	GlobalSection(SolutionConfigurationPlatforms) = preSolution
		Debug|Any CPU = Debug|Any CPU
		Release|Any CPU = Release|Any CPU
	EndGlobalSection
	GlobalSection(ProjectConfigurationPlatforms) = postSolution
		{07C425CB-9987-4CFC-9225-9484B8931D79}.Debug|Any CPU.ActiveCfg = Debug|Any CPU
		{07C425CB-9987-4CFC-9225-9484B8931D79}.Debug|Any CPU.Build.0 = Debug|Any CPU
		{07C425CB-9987-4CFC-9225-9484B8931D79}.Release|Any CPU.ActiveCfg = Release|Any CPU
		{07C425CB-9987-4CFC-9225-9484B8931D79}.Release|Any CPU.Build.0 = Release|Any CPU
	EndGlobalSection
	GlobalSection(SolutionProperties) = preSolution
		HideSolutionNode = FALSE
	EndGlobalSection
	GlobalSection(ExtensibilityGlobals) = postSolution
		SolutionGuid = {3799019C-A54A-4B61-9843-C21C649C80CD}
	EndGlobalSection
EndGlobal
